// !$*UTF8*$!
{
	archiveVersion = 1;
	classes = {
	};
	objectVersion = 56;
	objects = {

/* Begin PBXBuildFile section */
		3C5EBFFF2B69EE52001CF887 /* Font.swift in Sources */ = {isa = PBXBuildFile; fileRef = 3C5EBFFE2B69EE52001CF887 /* Font.swift */; };
		3C5EC0022B69FC42001CF887 /* MockDataProvider.swift in Sources */ = {isa = PBXBuildFile; fileRef = 3C5EC0012B69FC42001CF887 /* MockDataProvider.swift */; };
		3C5EC0032B6A0465001CF887 /* data.json in Resources */ = {isa = PBXBuildFile; fileRef = 52554DBD2B69C8140093BCCD /* data.json */; };
		3CE213FB2B68E6E8007A1D30 /* RootView.swift in Sources */ = {isa = PBXBuildFile; fileRef = 3CE213FA2B68E6E8007A1D30 /* RootView.swift */; };
		3CE214042B68EB17007A1D30 /* TransactionListView.swift in Sources */ = {isa = PBXBuildFile; fileRef = 3CE214032B68EB16007A1D30 /* TransactionListView.swift */; };
		3CE214082B68EB68007A1D30 /* FeedView.swift in Sources */ = {isa = PBXBuildFile; fileRef = 3CE214072B68EB68007A1D30 /* FeedView.swift */; };
		3CE2140A2B68EB8D007A1D30 /* ShoppingView.swift in Sources */ = {isa = PBXBuildFile; fileRef = 3CE214092B68EB8D007A1D30 /* ShoppingView.swift */; };
		3CE2140C2B68EBA1007A1D30 /* SettingsView.swift in Sources */ = {isa = PBXBuildFile; fileRef = 3CE2140B2B68EBA1007A1D30 /* SettingsView.swift */; };
		3CE2140E2B68EF89007A1D30 /* TransactionListViewModel.swift in Sources */ = {isa = PBXBuildFile; fileRef = 3CE2140D2B68EF89007A1D30 /* TransactionListViewModel.swift */; };
		3CE214142B68F4ED007A1D30 /* Localizable.xcstrings in Resources */ = {isa = PBXBuildFile; fileRef = 3CE214132B68F4ED007A1D30 /* Localizable.xcstrings */; };
		523CD4CD2B67DD39007D106D /* PaybackApp.swift in Sources */ = {isa = PBXBuildFile; fileRef = 523CD4CC2B67DD39007D106D /* PaybackApp.swift */; };
		523CD4D32B67DD3A007D106D /* Assets.xcassets in Resources */ = {isa = PBXBuildFile; fileRef = 523CD4D22B67DD3A007D106D /* Assets.xcassets */; };
		523CD4D62B67DD3A007D106D /* Preview Assets.xcassets in Resources */ = {isa = PBXBuildFile; fileRef = 523CD4D52B67DD3A007D106D /* Preview Assets.xcassets */; };
		523CD4E02B67DD3A007D106D /* PaybackTests.swift in Sources */ = {isa = PBXBuildFile; fileRef = 523CD4DF2B67DD3A007D106D /* PaybackTests.swift */; };
		523CD4EA2B67DD3A007D106D /* PaybackUITests.swift in Sources */ = {isa = PBXBuildFile; fileRef = 523CD4E92B67DD3A007D106D /* PaybackUITests.swift */; };
		523CD4EC2B67DD3A007D106D /* PaybackUITestsLaunchTests.swift in Sources */ = {isa = PBXBuildFile; fileRef = 523CD4EB2B67DD3A007D106D /* PaybackUITestsLaunchTests.swift */; };
		52554DB42B69BACC0093BCCD /* Utils.swift in Sources */ = {isa = PBXBuildFile; fileRef = 52554DB32B69BACC0093BCCD /* Utils.swift */; };
		52554DB62B69C1240093BCCD /* TransactionDetailsView.swift in Sources */ = {isa = PBXBuildFile; fileRef = 52554DB52B69C1240093BCCD /* TransactionDetailsView.swift */; };
		52554DB92B69C4CB0093BCCD /* Config.swift in Sources */ = {isa = PBXBuildFile; fileRef = 52554DB82B69C4CB0093BCCD /* Config.swift */; };
		52554DBB2B69C4D80093BCCD /* Logger.swift in Sources */ = {isa = PBXBuildFile; fileRef = 52554DBA2B69C4D80093BCCD /* Logger.swift */; };
		5293E6CF2B6A85D600E77943 /* Transaction.swift in Sources */ = {isa = PBXBuildFile; fileRef = 5293E6CE2B6A85D600E77943 /* Transaction.swift */; };
		5293E6D12B6A99BD00E77943 /* Double.swift in Sources */ = {isa = PBXBuildFile; fileRef = 5293E6D02B6A99BD00E77943 /* Double.swift */; };
		52BFF2C02B69245100878C9B /* TransactionCardView.swift in Sources */ = {isa = PBXBuildFile; fileRef = 52BFF2BF2B69245100878C9B /* TransactionCardView.swift */; };
		52BFF2C72B6926E100878C9B /* Bundle.swift in Sources */ = {isa = PBXBuildFile; fileRef = 52BFF2C62B6926E100878C9B /* Bundle.swift */; };
		52BFF2C92B69272600878C9B /* Color.swift in Sources */ = {isa = PBXBuildFile; fileRef = 52BFF2C82B69272600878C9B /* Color.swift */; };
		52BFF2CB2B6927EC00878C9B /* Date.swift in Sources */ = {isa = PBXBuildFile; fileRef = 52BFF2CA2B6927EC00878C9B /* Date.swift */; };
		52BFF2CD2B69284B00878C9B /* String.swift in Sources */ = {isa = PBXBuildFile; fileRef = 52BFF2CC2B69284B00878C9B /* String.swift */; };
		52BFF2CF2B6929C100878C9B /* NetworkMonitor.swift in Sources */ = {isa = PBXBuildFile; fileRef = 52BFF2CE2B6929C100878C9B /* NetworkMonitor.swift */; };
		52BFF2E02B692B5700878C9B /* EndPoint.swift in Sources */ = {isa = PBXBuildFile; fileRef = 52BFF2DF2B692B5700878C9B /* EndPoint.swift */; };
		52BFF2E22B692B6600878C9B /* HttpClient.swift in Sources */ = {isa = PBXBuildFile; fileRef = 52BFF2E12B692B6600878C9B /* HttpClient.swift */; };
		52BFF2E42B692B7700878C9B /* HttpMethod.swift in Sources */ = {isa = PBXBuildFile; fileRef = 52BFF2E32B692B7700878C9B /* HttpMethod.swift */; };
		52BFF2E62B692B9800878C9B /* RequestError.swift in Sources */ = {isa = PBXBuildFile; fileRef = 52BFF2E52B692B9800878C9B /* RequestError.swift */; };
		52BFF2E82B692D1100878C9B /* TransactionEndPoints.swift in Sources */ = {isa = PBXBuildFile; fileRef = 52BFF2E72B692D1100878C9B /* TransactionEndPoints.swift */; };
		52BFF2EB2B6930B800878C9B /* Transactions.swift in Sources */ = {isa = PBXBuildFile; fileRef = 52BFF2EA2B6930B800878C9B /* Transactions.swift */; };
		52BFF2EE2B693A7C00878C9B /* ApiDataProvider.swift in Sources */ = {isa = PBXBuildFile; fileRef = 52BFF2ED2B693A7C00878C9B /* ApiDataProvider.swift */; };
		52BFF2F02B693A9800878C9B /* TransactionDataProvider.swift in Sources */ = {isa = PBXBuildFile; fileRef = 52BFF2EF2B693A9800878C9B /* TransactionDataProvider.swift */; };
/* End PBXBuildFile section */

/* Begin PBXContainerItemProxy section */
		523CD4DC2B67DD3A007D106D /* PBXContainerItemProxy */ = {
			isa = PBXContainerItemProxy;
			containerPortal = 523CD4C12B67DD38007D106D /* Project object */;
			proxyType = 1;
			remoteGlobalIDString = 523CD4C82B67DD39007D106D;
			remoteInfo = Payback;
		};
		523CD4E62B67DD3A007D106D /* PBXContainerItemProxy */ = {
			isa = PBXContainerItemProxy;
			containerPortal = 523CD4C12B67DD38007D106D /* Project object */;
			proxyType = 1;
			remoteGlobalIDString = 523CD4C82B67DD39007D106D;
			remoteInfo = Payback;
		};
/* End PBXContainerItemProxy section */

/* Begin PBXFileReference section */
		3C5EBFFD2B69ED3A001CF887 /* WorldOfPAYBACK-Info.plist */ = {isa = PBXFileReference; lastKnownFileType = text.plist; path = "WorldOfPAYBACK-Info.plist"; sourceTree = "<group>"; };
		3C5EBFFE2B69EE52001CF887 /* Font.swift */ = {isa = PBXFileReference; lastKnownFileType = sourcecode.swift; path = Font.swift; sourceTree = "<group>"; };
		3C5EC0012B69FC42001CF887 /* MockDataProvider.swift */ = {isa = PBXFileReference; lastKnownFileType = sourcecode.swift; path = MockDataProvider.swift; sourceTree = "<group>"; };
		3CE213FA2B68E6E8007A1D30 /* RootView.swift */ = {isa = PBXFileReference; lastKnownFileType = sourcecode.swift; path = RootView.swift; sourceTree = "<group>"; };
		3CE214032B68EB16007A1D30 /* TransactionListView.swift */ = {isa = PBXFileReference; lastKnownFileType = sourcecode.swift; path = TransactionListView.swift; sourceTree = "<group>"; };
		3CE214072B68EB68007A1D30 /* FeedView.swift */ = {isa = PBXFileReference; lastKnownFileType = sourcecode.swift; path = FeedView.swift; sourceTree = "<group>"; };
		3CE214092B68EB8D007A1D30 /* ShoppingView.swift */ = {isa = PBXFileReference; lastKnownFileType = sourcecode.swift; path = ShoppingView.swift; sourceTree = "<group>"; };
		3CE2140B2B68EBA1007A1D30 /* SettingsView.swift */ = {isa = PBXFileReference; lastKnownFileType = sourcecode.swift; path = SettingsView.swift; sourceTree = "<group>"; };
		3CE2140D2B68EF89007A1D30 /* TransactionListViewModel.swift */ = {isa = PBXFileReference; lastKnownFileType = sourcecode.swift; path = TransactionListViewModel.swift; sourceTree = "<group>"; };
		3CE214132B68F4ED007A1D30 /* Localizable.xcstrings */ = {isa = PBXFileReference; lastKnownFileType = text.json.xcstrings; path = Localizable.xcstrings; sourceTree = "<group>"; };
		523CD4C92B67DD39007D106D /* WorldOfPAYBACK.app */ = {isa = PBXFileReference; explicitFileType = wrapper.application; includeInIndex = 0; path = WorldOfPAYBACK.app; sourceTree = BUILT_PRODUCTS_DIR; };
		523CD4CC2B67DD39007D106D /* PaybackApp.swift */ = {isa = PBXFileReference; lastKnownFileType = sourcecode.swift; path = PaybackApp.swift; sourceTree = "<group>"; };
		523CD4D22B67DD3A007D106D /* Assets.xcassets */ = {isa = PBXFileReference; lastKnownFileType = folder.assetcatalog; path = Assets.xcassets; sourceTree = "<group>"; };
		523CD4D52B67DD3A007D106D /* Preview Assets.xcassets */ = {isa = PBXFileReference; lastKnownFileType = folder.assetcatalog; path = "Preview Assets.xcassets"; sourceTree = "<group>"; };
		523CD4DB2B67DD3A007D106D /* WorldOfPAYBACKTests.xctest */ = {isa = PBXFileReference; explicitFileType = wrapper.cfbundle; includeInIndex = 0; path = WorldOfPAYBACKTests.xctest; sourceTree = BUILT_PRODUCTS_DIR; };
		523CD4DF2B67DD3A007D106D /* PaybackTests.swift */ = {isa = PBXFileReference; lastKnownFileType = sourcecode.swift; path = PaybackTests.swift; sourceTree = "<group>"; };
		523CD4E52B67DD3A007D106D /* WorldOfPAYBACKUITests.xctest */ = {isa = PBXFileReference; explicitFileType = wrapper.cfbundle; includeInIndex = 0; path = WorldOfPAYBACKUITests.xctest; sourceTree = BUILT_PRODUCTS_DIR; };
		523CD4E92B67DD3A007D106D /* PaybackUITests.swift */ = {isa = PBXFileReference; lastKnownFileType = sourcecode.swift; path = PaybackUITests.swift; sourceTree = "<group>"; };
		523CD4EB2B67DD3A007D106D /* PaybackUITestsLaunchTests.swift */ = {isa = PBXFileReference; lastKnownFileType = sourcecode.swift; path = PaybackUITestsLaunchTests.swift; sourceTree = "<group>"; };
		52554DB32B69BACC0093BCCD /* Utils.swift */ = {isa = PBXFileReference; lastKnownFileType = sourcecode.swift; path = Utils.swift; sourceTree = "<group>"; };
		52554DB52B69C1240093BCCD /* TransactionDetailsView.swift */ = {isa = PBXFileReference; lastKnownFileType = sourcecode.swift; path = TransactionDetailsView.swift; sourceTree = "<group>"; };
		52554DB82B69C4CB0093BCCD /* Config.swift */ = {isa = PBXFileReference; lastKnownFileType = sourcecode.swift; path = Config.swift; sourceTree = "<group>"; };
		52554DBA2B69C4D80093BCCD /* Logger.swift */ = {isa = PBXFileReference; lastKnownFileType = sourcecode.swift; path = Logger.swift; sourceTree = "<group>"; };
		52554DBD2B69C8140093BCCD /* data.json */ = {isa = PBXFileReference; lastKnownFileType = text.json; path = data.json; sourceTree = "<group>"; };
		5293E6CE2B6A85D600E77943 /* Transaction.swift */ = {isa = PBXFileReference; lastKnownFileType = sourcecode.swift; path = Transaction.swift; sourceTree = "<group>"; };
		5293E6D02B6A99BD00E77943 /* Double.swift */ = {isa = PBXFileReference; lastKnownFileType = sourcecode.swift; path = Double.swift; sourceTree = "<group>"; };
		52BFF2BF2B69245100878C9B /* TransactionCardView.swift */ = {isa = PBXFileReference; lastKnownFileType = sourcecode.swift; path = TransactionCardView.swift; sourceTree = "<group>"; };
		52BFF2C62B6926E100878C9B /* Bundle.swift */ = {isa = PBXFileReference; lastKnownFileType = sourcecode.swift; path = Bundle.swift; sourceTree = "<group>"; };
		52BFF2C82B69272600878C9B /* Color.swift */ = {isa = PBXFileReference; lastKnownFileType = sourcecode.swift; path = Color.swift; sourceTree = "<group>"; };
		52BFF2CA2B6927EC00878C9B /* Date.swift */ = {isa = PBXFileReference; lastKnownFileType = sourcecode.swift; path = Date.swift; sourceTree = "<group>"; };
		52BFF2CC2B69284B00878C9B /* String.swift */ = {isa = PBXFileReference; lastKnownFileType = sourcecode.swift; path = String.swift; sourceTree = "<group>"; };
		52BFF2CE2B6929C100878C9B /* NetworkMonitor.swift */ = {isa = PBXFileReference; lastKnownFileType = sourcecode.swift; path = NetworkMonitor.swift; sourceTree = "<group>"; };
		52BFF2DF2B692B5700878C9B /* EndPoint.swift */ = {isa = PBXFileReference; lastKnownFileType = sourcecode.swift; path = EndPoint.swift; sourceTree = "<group>"; };
		52BFF2E12B692B6600878C9B /* HttpClient.swift */ = {isa = PBXFileReference; lastKnownFileType = sourcecode.swift; path = HttpClient.swift; sourceTree = "<group>"; };
		52BFF2E32B692B7700878C9B /* HttpMethod.swift */ = {isa = PBXFileReference; lastKnownFileType = sourcecode.swift; path = HttpMethod.swift; sourceTree = "<group>"; };
		52BFF2E52B692B9800878C9B /* RequestError.swift */ = {isa = PBXFileReference; lastKnownFileType = sourcecode.swift; path = RequestError.swift; sourceTree = "<group>"; };
		52BFF2E72B692D1100878C9B /* TransactionEndPoints.swift */ = {isa = PBXFileReference; lastKnownFileType = sourcecode.swift; path = TransactionEndPoints.swift; sourceTree = "<group>"; };
		52BFF2EA2B6930B800878C9B /* Transactions.swift */ = {isa = PBXFileReference; lastKnownFileType = sourcecode.swift; path = Transactions.swift; sourceTree = "<group>"; };
		52BFF2ED2B693A7C00878C9B /* ApiDataProvider.swift */ = {isa = PBXFileReference; lastKnownFileType = sourcecode.swift; path = ApiDataProvider.swift; sourceTree = "<group>"; };
		52BFF2EF2B693A9800878C9B /* TransactionDataProvider.swift */ = {isa = PBXFileReference; lastKnownFileType = sourcecode.swift; path = TransactionDataProvider.swift; sourceTree = "<group>"; };
/* End PBXFileReference section */

/* Begin PBXFrameworksBuildPhase section */
		523CD4C62B67DD39007D106D /* Frameworks */ = {
			isa = PBXFrameworksBuildPhase;
			buildActionMask = 2147483647;
			files = (
			);
			runOnlyForDeploymentPostprocessing = 0;
		};
		523CD4D82B67DD3A007D106D /* Frameworks */ = {
			isa = PBXFrameworksBuildPhase;
			buildActionMask = 2147483647;
			files = (
			);
			runOnlyForDeploymentPostprocessing = 0;
		};
		523CD4E22B67DD3A007D106D /* Frameworks */ = {
			isa = PBXFrameworksBuildPhase;
			buildActionMask = 2147483647;
			files = (
			);
			runOnlyForDeploymentPostprocessing = 0;
		};
/* End PBXFrameworksBuildPhase section */

/* Begin PBXGroup section */
		3C5EBFFB2B69E7F5001CF887 /* API */ = {
			isa = PBXGroup;
			children = (
				3C5EC0012B69FC42001CF887 /* MockDataProvider.swift */,
				52BFF2ED2B693A7C00878C9B /* ApiDataProvider.swift */,
				52BFF2EF2B693A9800878C9B /* TransactionDataProvider.swift */,
			);
			path = API;
			sourceTree = "<group>";
		};
		3CE213F92B68E6AA007A1D30 /* Views */ = {
			isa = PBXGroup;
			children = (
				3CE213FF2B68EA94007A1D30 /* Transactions */,
				3CE214002B68EA9F007A1D30 /* Feed */,
				3CE214012B68EAA6007A1D30 /* Shopping */,
				3CE214022B68EAAD007A1D30 /* Settings */,
				3CE213FC2B68E6FF007A1D30 /* RootView */,
			);
			path = Views;
			sourceTree = "<group>";
		};
		3CE213FC2B68E6FF007A1D30 /* RootView */ = {
			isa = PBXGroup;
			children = (
				523CD4CC2B67DD39007D106D /* PaybackApp.swift */,
				3CE213FA2B68E6E8007A1D30 /* RootView.swift */,
			);
			path = RootView;
			sourceTree = "<group>";
		};
		3CE213FF2B68EA94007A1D30 /* Transactions */ = {
			isa = PBXGroup;
			children = (
				52554DB52B69C1240093BCCD /* TransactionDetailsView.swift */,
				52BFF2BF2B69245100878C9B /* TransactionCardView.swift */,
				3CE214032B68EB16007A1D30 /* TransactionListView.swift */,
				3CE2140D2B68EF89007A1D30 /* TransactionListViewModel.swift */,
			);
			path = Transactions;
			sourceTree = "<group>";
		};
		3CE214002B68EA9F007A1D30 /* Feed */ = {
			isa = PBXGroup;
			children = (
				3CE214072B68EB68007A1D30 /* FeedView.swift */,
			);
			path = Feed;
			sourceTree = "<group>";
		};
		3CE214012B68EAA6007A1D30 /* Shopping */ = {
			isa = PBXGroup;
			children = (
				3CE214092B68EB8D007A1D30 /* ShoppingView.swift */,
			);
			path = Shopping;
			sourceTree = "<group>";
		};
		3CE214022B68EAAD007A1D30 /* Settings */ = {
			isa = PBXGroup;
			children = (
				3CE2140B2B68EBA1007A1D30 /* SettingsView.swift */,
			);
			path = Settings;
			sourceTree = "<group>";
		};
		3CE2140F2B68F139007A1D30 /* Misc */ = {
			isa = PBXGroup;
			children = (
				52554DB32B69BACC0093BCCD /* Utils.swift */,
				52BFF2CE2B6929C100878C9B /* NetworkMonitor.swift */,
			);
			path = Misc;
			sourceTree = "<group>";
		};
		523CD4C02B67DD38007D106D = {
			isa = PBXGroup;
			children = (
				3C5EBFFD2B69ED3A001CF887 /* WorldOfPAYBACK-Info.plist */,
				523CD4CB2B67DD39007D106D /* Payback */,
				523CD4DE2B67DD3A007D106D /* PaybackTests */,
				523CD4E82B67DD3A007D106D /* PaybackUITests */,
				523CD4CA2B67DD39007D106D /* Products */,
			);
			sourceTree = "<group>";
		};
		523CD4CA2B67DD39007D106D /* Products */ = {
			isa = PBXGroup;
			children = (
				523CD4C92B67DD39007D106D /* WorldOfPAYBACK.app */,
				523CD4DB2B67DD3A007D106D /* WorldOfPAYBACKTests.xctest */,
				523CD4E52B67DD3A007D106D /* WorldOfPAYBACKUITests.xctest */,
			);
			name = Products;
			sourceTree = "<group>";
		};
		523CD4CB2B67DD39007D106D /* Payback */ = {
			isa = PBXGroup;
			children = (
				52554DBC2B69C7840093BCCD /* Resources */,
				52BFF2EC2B693A4F00878C9B /* Services */,
				52BFF2E92B69307600878C9B /* Models */,
				52BFF2D32B692AB400878C9B /* Networking */,
				52BFF2C52B6926B600878C9B /* Extensions */,
				3CE2140F2B68F139007A1D30 /* Misc */,
				52554DB72B69C4AE0093BCCD /* Configs */,
				3CE213F92B68E6AA007A1D30 /* Views */,
				523CD4D42B67DD3A007D106D /* Preview Content */,
			);
			path = Payback;
			sourceTree = "<group>";
		};
		523CD4D42B67DD3A007D106D /* Preview Content */ = {
			isa = PBXGroup;
			children = (
				523CD4D52B67DD3A007D106D /* Preview Assets.xcassets */,
			);
			path = "Preview Content";
			sourceTree = "<group>";
		};
		523CD4DE2B67DD3A007D106D /* PaybackTests */ = {
			isa = PBXGroup;
			children = (
				523CD4DF2B67DD3A007D106D /* PaybackTests.swift */,
			);
			path = PaybackTests;
			sourceTree = "<group>";
		};
		523CD4E82B67DD3A007D106D /* PaybackUITests */ = {
			isa = PBXGroup;
			children = (
				523CD4E92B67DD3A007D106D /* PaybackUITests.swift */,
				523CD4EB2B67DD3A007D106D /* PaybackUITestsLaunchTests.swift */,
			);
			path = PaybackUITests;
			sourceTree = "<group>";
		};
		52554DB72B69C4AE0093BCCD /* Configs */ = {
			isa = PBXGroup;
			children = (
				52554DB82B69C4CB0093BCCD /* Config.swift */,
				52554DBA2B69C4D80093BCCD /* Logger.swift */,
			);
			path = Configs;
			sourceTree = "<group>";
		};
		52554DBC2B69C7840093BCCD /* Resources */ = {
			isa = PBXGroup;
			children = (
				523CD4D22B67DD3A007D106D /* Assets.xcassets */,
				3CE214132B68F4ED007A1D30 /* Localizable.xcstrings */,
				52554DBD2B69C8140093BCCD /* data.json */,
			);
			path = Resources;
			sourceTree = "<group>";
		};
		52BFF2C52B6926B600878C9B /* Extensions */ = {
			isa = PBXGroup;
			children = (
				52BFF2C62B6926E100878C9B /* Bundle.swift */,
				52BFF2C82B69272600878C9B /* Color.swift */,
				52BFF2CA2B6927EC00878C9B /* Date.swift */,
				52BFF2CC2B69284B00878C9B /* String.swift */,
				3C5EBFFE2B69EE52001CF887 /* Font.swift */,
				5293E6D02B6A99BD00E77943 /* Double.swift */,
			);
			path = Extensions;
			sourceTree = "<group>";
		};
		52BFF2D32B692AB400878C9B /* Networking */ = {
			isa = PBXGroup;
			children = (
				52BFF2D62B692AF400878C9B /* Payloads */,
				52BFF2D52B692ADA00878C9B /* EndPoints */,
				52BFF2D42B692ACE00878C9B /* Base */,
			);
			path = Networking;
			sourceTree = "<group>";
		};
		52BFF2D42B692ACE00878C9B /* Base */ = {
			isa = PBXGroup;
			children = (
				52BFF2DF2B692B5700878C9B /* EndPoint.swift */,
				52BFF2E12B692B6600878C9B /* HttpClient.swift */,
				52BFF2E32B692B7700878C9B /* HttpMethod.swift */,
				52BFF2E52B692B9800878C9B /* RequestError.swift */,
			);
			path = Base;
			sourceTree = "<group>";
		};
		52BFF2D52B692ADA00878C9B /* EndPoints */ = {
			isa = PBXGroup;
			children = (
				52BFF2E72B692D1100878C9B /* TransactionEndPoints.swift */,
			);
			path = EndPoints;
			sourceTree = "<group>";
		};
		52BFF2D62B692AF400878C9B /* Payloads */ = {
			isa = PBXGroup;
			children = (
			);
			path = Payloads;
			sourceTree = "<group>";
		};
		52BFF2E92B69307600878C9B /* Models */ = {
			isa = PBXGroup;
			children = (
				52BFF2EA2B6930B800878C9B /* Transactions.swift */,
				5293E6CE2B6A85D600E77943 /* Transaction.swift */,
			);
			path = Models;
			sourceTree = "<group>";
		};
		52BFF2EC2B693A4F00878C9B /* Services */ = {
			isa = PBXGroup;
			children = (
				3C5EBFFB2B69E7F5001CF887 /* API */,
			);
			path = Services;
			sourceTree = "<group>";
		};
/* End PBXGroup section */

/* Begin PBXNativeTarget section */
		523CD4C82B67DD39007D106D /* WorldOfPAYBACK */ = {
			isa = PBXNativeTarget;
			buildConfigurationList = 523CD4EF2B67DD3A007D106D /* Build configuration list for PBXNativeTarget "WorldOfPAYBACK" */;
			buildPhases = (
				523CD4C52B67DD39007D106D /* Sources */,
				523CD4C62B67DD39007D106D /* Frameworks */,
				523CD4C72B67DD39007D106D /* Resources */,
			);
			buildRules = (
			);
			dependencies = (
			);
			name = WorldOfPAYBACK;
			productName = Payback;
			productReference = 523CD4C92B67DD39007D106D /* WorldOfPAYBACK.app */;
			productType = "com.apple.product-type.application";
		};
		523CD4DA2B67DD3A007D106D /* WorldOfPAYBACKTests */ = {
			isa = PBXNativeTarget;
			buildConfigurationList = 523CD4F22B67DD3A007D106D /* Build configuration list for PBXNativeTarget "WorldOfPAYBACKTests" */;
			buildPhases = (
				523CD4D72B67DD3A007D106D /* Sources */,
				523CD4D82B67DD3A007D106D /* Frameworks */,
				523CD4D92B67DD3A007D106D /* Resources */,
			);
			buildRules = (
			);
			dependencies = (
				523CD4DD2B67DD3A007D106D /* PBXTargetDependency */,
			);
			name = WorldOfPAYBACKTests;
			productName = PaybackTests;
			productReference = 523CD4DB2B67DD3A007D106D /* WorldOfPAYBACKTests.xctest */;
			productType = "com.apple.product-type.bundle.unit-test";
		};
		523CD4E42B67DD3A007D106D /* WorldOfPAYBACKUITests */ = {
			isa = PBXNativeTarget;
			buildConfigurationList = 523CD4F52B67DD3A007D106D /* Build configuration list for PBXNativeTarget "WorldOfPAYBACKUITests" */;
			buildPhases = (
				523CD4E12B67DD3A007D106D /* Sources */,
				523CD4E22B67DD3A007D106D /* Frameworks */,
				523CD4E32B67DD3A007D106D /* Resources */,
			);
			buildRules = (
			);
			dependencies = (
				523CD4E72B67DD3A007D106D /* PBXTargetDependency */,
			);
			name = WorldOfPAYBACKUITests;
			productName = PaybackUITests;
			productReference = 523CD4E52B67DD3A007D106D /* WorldOfPAYBACKUITests.xctest */;
			productType = "com.apple.product-type.bundle.ui-testing";
		};
/* End PBXNativeTarget section */

/* Begin PBXProject section */
		523CD4C12B67DD38007D106D /* Project object */ = {
			isa = PBXProject;
			attributes = {
				BuildIndependentTargetsInParallel = 1;
				LastSwiftUpdateCheck = 1520;
				LastUpgradeCheck = 1520;
				TargetAttributes = {
					523CD4C82B67DD39007D106D = {
						CreatedOnToolsVersion = 15.2;
					};
					523CD4DA2B67DD3A007D106D = {
						CreatedOnToolsVersion = 15.2;
						TestTargetID = 523CD4C82B67DD39007D106D;
					};
					523CD4E42B67DD3A007D106D = {
						CreatedOnToolsVersion = 15.2;
						TestTargetID = 523CD4C82B67DD39007D106D;
					};
				};
			};
			buildConfigurationList = 523CD4C42B67DD38007D106D /* Build configuration list for PBXProject "WorldOfPAYBACK" */;
			compatibilityVersion = "Xcode 14.0";
			developmentRegion = en;
			hasScannedForEncodings = 0;
			knownRegions = (
				en,
				Base,
				de,
			);
			mainGroup = 523CD4C02B67DD38007D106D;
			productRefGroup = 523CD4CA2B67DD39007D106D /* Products */;
			projectDirPath = "";
			projectRoot = "";
			targets = (
				523CD4C82B67DD39007D106D /* WorldOfPAYBACK */,
				523CD4DA2B67DD3A007D106D /* WorldOfPAYBACKTests */,
				523CD4E42B67DD3A007D106D /* WorldOfPAYBACKUITests */,
			);
		};
/* End PBXProject section */

/* Begin PBXResourcesBuildPhase section */
		523CD4C72B67DD39007D106D /* Resources */ = {
			isa = PBXResourcesBuildPhase;
			buildActionMask = 2147483647;
			files = (
				523CD4D62B67DD3A007D106D /* Preview Assets.xcassets in Resources */,
				523CD4D32B67DD3A007D106D /* Assets.xcassets in Resources */,
				3CE214142B68F4ED007A1D30 /* Localizable.xcstrings in Resources */,
				3C5EC0032B6A0465001CF887 /* data.json in Resources */,
			);
			runOnlyForDeploymentPostprocessing = 0;
		};
		523CD4D92B67DD3A007D106D /* Resources */ = {
			isa = PBXResourcesBuildPhase;
			buildActionMask = 2147483647;
			files = (
			);
			runOnlyForDeploymentPostprocessing = 0;
		};
		523CD4E32B67DD3A007D106D /* Resources */ = {
			isa = PBXResourcesBuildPhase;
			buildActionMask = 2147483647;
			files = (
			);
			runOnlyForDeploymentPostprocessing = 0;
		};
/* End PBXResourcesBuildPhase section */

/* Begin PBXSourcesBuildPhase section */
		523CD4C52B67DD39007D106D /* Sources */ = {
			isa = PBXSourcesBuildPhase;
			buildActionMask = 2147483647;
			files = (
				3CE2140C2B68EBA1007A1D30 /* SettingsView.swift in Sources */,
				3CE2140E2B68EF89007A1D30 /* TransactionListViewModel.swift in Sources */,
				52554DB62B69C1240093BCCD /* TransactionDetailsView.swift in Sources */,
				3CE213FB2B68E6E8007A1D30 /* RootView.swift in Sources */,
				52BFF2E42B692B7700878C9B /* HttpMethod.swift in Sources */,
				52554DB92B69C4CB0093BCCD /* Config.swift in Sources */,
				52BFF2CD2B69284B00878C9B /* String.swift in Sources */,
				52BFF2EE2B693A7C00878C9B /* ApiDataProvider.swift in Sources */,
				3CE214042B68EB17007A1D30 /* TransactionListView.swift in Sources */,
				52BFF2C92B69272600878C9B /* Color.swift in Sources */,
				52BFF2CF2B6929C100878C9B /* NetworkMonitor.swift in Sources */,
				3CE2140A2B68EB8D007A1D30 /* ShoppingView.swift in Sources */,
				52BFF2E82B692D1100878C9B /* TransactionEndPoints.swift in Sources */,
				52BFF2E02B692B5700878C9B /* EndPoint.swift in Sources */,
				5293E6CF2B6A85D600E77943 /* Transaction.swift in Sources */,
				3CE214082B68EB68007A1D30 /* FeedView.swift in Sources */,
				52BFF2C72B6926E100878C9B /* Bundle.swift in Sources */,
				52BFF2EB2B6930B800878C9B /* Transactions.swift in Sources */,
				52BFF2E62B692B9800878C9B /* RequestError.swift in Sources */,
				523CD4CD2B67DD39007D106D /* PaybackApp.swift in Sources */,
				52BFF2CB2B6927EC00878C9B /* Date.swift in Sources */,
				3C5EBFFF2B69EE52001CF887 /* Font.swift in Sources */,
				52554DBB2B69C4D80093BCCD /* Logger.swift in Sources */,
				52BFF2F02B693A9800878C9B /* TransactionDataProvider.swift in Sources */,
				52BFF2E22B692B6600878C9B /* HttpClient.swift in Sources */,
				52BFF2C02B69245100878C9B /* TransactionCardView.swift in Sources */,
				3C5EC0022B69FC42001CF887 /* MockDataProvider.swift in Sources */,
				5293E6D12B6A99BD00E77943 /* Double.swift in Sources */,
				52554DB42B69BACC0093BCCD /* Utils.swift in Sources */,
			);
			runOnlyForDeploymentPostprocessing = 0;
		};
		523CD4D72B67DD3A007D106D /* Sources */ = {
			isa = PBXSourcesBuildPhase;
			buildActionMask = 2147483647;
			files = (
				523CD4E02B67DD3A007D106D /* PaybackTests.swift in Sources */,
			);
			runOnlyForDeploymentPostprocessing = 0;
		};
		523CD4E12B67DD3A007D106D /* Sources */ = {
			isa = PBXSourcesBuildPhase;
			buildActionMask = 2147483647;
			files = (
				523CD4EC2B67DD3A007D106D /* PaybackUITestsLaunchTests.swift in Sources */,
				523CD4EA2B67DD3A007D106D /* PaybackUITests.swift in Sources */,
			);
			runOnlyForDeploymentPostprocessing = 0;
		};
/* End PBXSourcesBuildPhase section */

/* Begin PBXTargetDependency section */
		523CD4DD2B67DD3A007D106D /* PBXTargetDependency */ = {
			isa = PBXTargetDependency;
			target = 523CD4C82B67DD39007D106D /* WorldOfPAYBACK */;
			targetProxy = 523CD4DC2B67DD3A007D106D /* PBXContainerItemProxy */;
		};
		523CD4E72B67DD3A007D106D /* PBXTargetDependency */ = {
			isa = PBXTargetDependency;
			target = 523CD4C82B67DD39007D106D /* WorldOfPAYBACK */;
			targetProxy = 523CD4E62B67DD3A007D106D /* PBXContainerItemProxy */;
		};
/* End PBXTargetDependency section */

/* Begin XCBuildConfiguration section */
		523CD4ED2B67DD3A007D106D /* Debug */ = {
			isa = XCBuildConfiguration;
			buildSettings = {
				ALWAYS_SEARCH_USER_PATHS = NO;
				ASSETCATALOG_COMPILER_GENERATE_SWIFT_ASSET_SYMBOL_EXTENSIONS = YES;
				CLANG_ANALYZER_NONNULL = YES;
				CLANG_ANALYZER_NUMBER_OBJECT_CONVERSION = YES_AGGRESSIVE;
				CLANG_CXX_LANGUAGE_STANDARD = "gnu++20";
				CLANG_ENABLE_MODULES = YES;
				CLANG_ENABLE_OBJC_ARC = YES;
				CLANG_ENABLE_OBJC_WEAK = YES;
				CLANG_WARN_BLOCK_CAPTURE_AUTORELEASING = YES;
				CLANG_WARN_BOOL_CONVERSION = YES;
				CLANG_WARN_COMMA = YES;
				CLANG_WARN_CONSTANT_CONVERSION = YES;
				CLANG_WARN_DEPRECATED_OBJC_IMPLEMENTATIONS = YES;
				CLANG_WARN_DIRECT_OBJC_ISA_USAGE = YES_ERROR;
				CLANG_WARN_DOCUMENTATION_COMMENTS = YES;
				CLANG_WARN_EMPTY_BODY = YES;
				CLANG_WARN_ENUM_CONVERSION = YES;
				CLANG_WARN_INFINITE_RECURSION = YES;
				CLANG_WARN_INT_CONVERSION = YES;
				CLANG_WARN_NON_LITERAL_NULL_CONVERSION = YES;
				CLANG_WARN_OBJC_IMPLICIT_RETAIN_SELF = YES;
				CLANG_WARN_OBJC_LITERAL_CONVERSION = YES;
				CLANG_WARN_OBJC_ROOT_CLASS = YES_ERROR;
				CLANG_WARN_QUOTED_INCLUDE_IN_FRAMEWORK_HEADER = YES;
				CLANG_WARN_RANGE_LOOP_ANALYSIS = YES;
				CLANG_WARN_STRICT_PROTOTYPES = YES;
				CLANG_WARN_SUSPICIOUS_MOVE = YES;
				CLANG_WARN_UNGUARDED_AVAILABILITY = YES_AGGRESSIVE;
				CLANG_WARN_UNREACHABLE_CODE = YES;
				CLANG_WARN__DUPLICATE_METHOD_MATCH = YES;
				COPY_PHASE_STRIP = NO;
				DEBUG_INFORMATION_FORMAT = dwarf;
				ENABLE_STRICT_OBJC_MSGSEND = YES;
				ENABLE_TESTABILITY = YES;
				ENABLE_USER_SCRIPT_SANDBOXING = YES;
				GCC_C_LANGUAGE_STANDARD = gnu17;
				GCC_DYNAMIC_NO_PIC = NO;
				GCC_NO_COMMON_BLOCKS = YES;
				GCC_OPTIMIZATION_LEVEL = 0;
				GCC_PREPROCESSOR_DEFINITIONS = (
					"DEBUG=1",
					"$(inherited)",
				);
				GCC_WARN_64_TO_32_BIT_CONVERSION = YES;
				GCC_WARN_ABOUT_RETURN_TYPE = YES_ERROR;
				GCC_WARN_UNDECLARED_SELECTOR = YES;
				GCC_WARN_UNINITIALIZED_AUTOS = YES_AGGRESSIVE;
				GCC_WARN_UNUSED_FUNCTION = YES;
				GCC_WARN_UNUSED_VARIABLE = YES;
				IPHONEOS_DEPLOYMENT_TARGET = 17.2;
				LOCALIZATION_PREFERS_STRING_CATALOGS = YES;
				MTL_ENABLE_DEBUG_INFO = INCLUDE_SOURCE;
				MTL_FAST_MATH = YES;
				ONLY_ACTIVE_ARCH = YES;
				SDKROOT = iphoneos;
				SWIFT_ACTIVE_COMPILATION_CONDITIONS = "DEBUG $(inherited)";
				SWIFT_OPTIMIZATION_LEVEL = "-Onone";
			};
			name = Debug;
		};
		523CD4EE2B67DD3A007D106D /* Release */ = {
			isa = XCBuildConfiguration;
			buildSettings = {
				ALWAYS_SEARCH_USER_PATHS = NO;
				ASSETCATALOG_COMPILER_GENERATE_SWIFT_ASSET_SYMBOL_EXTENSIONS = YES;
				CLANG_ANALYZER_NONNULL = YES;
				CLANG_ANALYZER_NUMBER_OBJECT_CONVERSION = YES_AGGRESSIVE;
				CLANG_CXX_LANGUAGE_STANDARD = "gnu++20";
				CLANG_ENABLE_MODULES = YES;
				CLANG_ENABLE_OBJC_ARC = YES;
				CLANG_ENABLE_OBJC_WEAK = YES;
				CLANG_WARN_BLOCK_CAPTURE_AUTORELEASING = YES;
				CLANG_WARN_BOOL_CONVERSION = YES;
				CLANG_WARN_COMMA = YES;
				CLANG_WARN_CONSTANT_CONVERSION = YES;
				CLANG_WARN_DEPRECATED_OBJC_IMPLEMENTATIONS = YES;
				CLANG_WARN_DIRECT_OBJC_ISA_USAGE = YES_ERROR;
				CLANG_WARN_DOCUMENTATION_COMMENTS = YES;
				CLANG_WARN_EMPTY_BODY = YES;
				CLANG_WARN_ENUM_CONVERSION = YES;
				CLANG_WARN_INFINITE_RECURSION = YES;
				CLANG_WARN_INT_CONVERSION = YES;
				CLANG_WARN_NON_LITERAL_NULL_CONVERSION = YES;
				CLANG_WARN_OBJC_IMPLICIT_RETAIN_SELF = YES;
				CLANG_WARN_OBJC_LITERAL_CONVERSION = YES;
				CLANG_WARN_OBJC_ROOT_CLASS = YES_ERROR;
				CLANG_WARN_QUOTED_INCLUDE_IN_FRAMEWORK_HEADER = YES;
				CLANG_WARN_RANGE_LOOP_ANALYSIS = YES;
				CLANG_WARN_STRICT_PROTOTYPES = YES;
				CLANG_WARN_SUSPICIOUS_MOVE = YES;
				CLANG_WARN_UNGUARDED_AVAILABILITY = YES_AGGRESSIVE;
				CLANG_WARN_UNREACHABLE_CODE = YES;
				CLANG_WARN__DUPLICATE_METHOD_MATCH = YES;
				COPY_PHASE_STRIP = NO;
				DEBUG_INFORMATION_FORMAT = "dwarf-with-dsym";
				ENABLE_NS_ASSERTIONS = NO;
				ENABLE_STRICT_OBJC_MSGSEND = YES;
				ENABLE_USER_SCRIPT_SANDBOXING = YES;
				GCC_C_LANGUAGE_STANDARD = gnu17;
				GCC_NO_COMMON_BLOCKS = YES;
				GCC_WARN_64_TO_32_BIT_CONVERSION = YES;
				GCC_WARN_ABOUT_RETURN_TYPE = YES_ERROR;
				GCC_WARN_UNDECLARED_SELECTOR = YES;
				GCC_WARN_UNINITIALIZED_AUTOS = YES_AGGRESSIVE;
				GCC_WARN_UNUSED_FUNCTION = YES;
				GCC_WARN_UNUSED_VARIABLE = YES;
				IPHONEOS_DEPLOYMENT_TARGET = 17.2;
				LOCALIZATION_PREFERS_STRING_CATALOGS = YES;
				MTL_ENABLE_DEBUG_INFO = NO;
				MTL_FAST_MATH = YES;
				SDKROOT = iphoneos;
				SWIFT_COMPILATION_MODE = wholemodule;
				VALIDATE_PRODUCT = YES;
			};
			name = Release;
		};
		523CD4F02B67DD3A007D106D /* Debug */ = {
			isa = XCBuildConfiguration;
			buildSettings = {
				ASSETCATALOG_COMPILER_APPICON_NAME = AppIcon;
				ASSETCATALOG_COMPILER_GLOBAL_ACCENT_COLOR_NAME = AccentColor;
				CODE_SIGN_STYLE = Automatic;
				CURRENT_PROJECT_VERSION = 1;
				DEVELOPMENT_ASSET_PATHS = "\"Payback/Preview Content\"";
				DEVELOPMENT_TEAM = 4J2BT49VC2;
				ENABLE_PREVIEWS = YES;
				GENERATE_INFOPLIST_FILE = YES;
				INFOPLIST_FILE = "WorldOfPAYBACK-Info.plist";
				INFOPLIST_KEY_UIApplicationSceneManifest_Generation = YES;
				INFOPLIST_KEY_UIApplicationSupportsIndirectInputEvents = YES;
				INFOPLIST_KEY_UILaunchScreen_Generation = YES;
				INFOPLIST_KEY_UISupportedInterfaceOrientations_iPad = "UIInterfaceOrientationPortrait UIInterfaceOrientationPortraitUpsideDown UIInterfaceOrientationLandscapeLeft UIInterfaceOrientationLandscapeRight";
				INFOPLIST_KEY_UISupportedInterfaceOrientations_iPhone = "UIInterfaceOrientationPortrait UIInterfaceOrientationLandscapeLeft UIInterfaceOrientationLandscapeRight";
				LD_RUNPATH_SEARCH_PATHS = (
					"$(inherited)",
					"@executable_path/Frameworks",
				);
				MARKETING_VERSION = 1.0;
				PRODUCT_BUNDLE_IDENTIFIER = com.nuibb.payback.Payback;
				PRODUCT_NAME = "$(TARGET_NAME)";
				SWIFT_EMIT_LOC_STRINGS = YES;
				SWIFT_VERSION = 5.0;
				TARGETED_DEVICE_FAMILY = "1,2";
			};
			name = Debug;
		};
		523CD4F12B67DD3A007D106D /* Release */ = {
			isa = XCBuildConfiguration;
			buildSettings = {
				ASSETCATALOG_COMPILER_APPICON_NAME = AppIcon;
				ASSETCATALOG_COMPILER_GLOBAL_ACCENT_COLOR_NAME = AccentColor;
				CODE_SIGN_STYLE = Automatic;
				CURRENT_PROJECT_VERSION = 1;
				DEVELOPMENT_ASSET_PATHS = "\"Payback/Preview Content\"";
				DEVELOPMENT_TEAM = 4J2BT49VC2;
				ENABLE_PREVIEWS = YES;
				GENERATE_INFOPLIST_FILE = YES;
				INFOPLIST_FILE = "WorldOfPAYBACK-Info.plist";
				INFOPLIST_KEY_UIApplicationSceneManifest_Generation = YES;
				INFOPLIST_KEY_UIApplicationSupportsIndirectInputEvents = YES;
				INFOPLIST_KEY_UILaunchScreen_Generation = YES;
				INFOPLIST_KEY_UISupportedInterfaceOrientations_iPad = "UIInterfaceOrientationPortrait UIInterfaceOrientationPortraitUpsideDown UIInterfaceOrientationLandscapeLeft UIInterfaceOrientationLandscapeRight";
				INFOPLIST_KEY_UISupportedInterfaceOrientations_iPhone = "UIInterfaceOrientationPortrait UIInterfaceOrientationLandscapeLeft UIInterfaceOrientationLandscapeRight";
				LD_RUNPATH_SEARCH_PATHS = (
					"$(inherited)",
					"@executable_path/Frameworks",
				);
				MARKETING_VERSION = 1.0;
				PRODUCT_BUNDLE_IDENTIFIER = com.nuibb.payback.Payback;
				PRODUCT_NAME = "$(TARGET_NAME)";
				SWIFT_EMIT_LOC_STRINGS = YES;
				SWIFT_VERSION = 5.0;
				TARGETED_DEVICE_FAMILY = "1,2";
			};
			name = Release;
		};
		523CD4F32B67DD3A007D106D /* Debug */ = {
			isa = XCBuildConfiguration;
			buildSettings = {
				ALWAYS_EMBED_SWIFT_STANDARD_LIBRARIES = YES;
				BUNDLE_LOADER = "$(TEST_HOST)";
				CODE_SIGN_STYLE = Automatic;
				CURRENT_PROJECT_VERSION = 1;
				DEVELOPMENT_TEAM = 4J2BT49VC2;
				GENERATE_INFOPLIST_FILE = YES;
				IPHONEOS_DEPLOYMENT_TARGET = 17.2;
				MARKETING_VERSION = 1.0;
				PRODUCT_BUNDLE_IDENTIFIER = com.nuibb.payback.PaybackTests;
				PRODUCT_NAME = "$(TARGET_NAME)";
				SWIFT_EMIT_LOC_STRINGS = NO;
				SWIFT_VERSION = 5.0;
				TARGETED_DEVICE_FAMILY = "1,2";
				TEST_HOST = "$(BUILT_PRODUCTS_DIR)/WorldOfPAYBACK.app/$(BUNDLE_EXECUTABLE_FOLDER_PATH)/WorldOfPAYBACK";
			};
			name = Debug;
		};
		523CD4F42B67DD3A007D106D /* Release */ = {
			isa = XCBuildConfiguration;
			buildSettings = {
				ALWAYS_EMBED_SWIFT_STANDARD_LIBRARIES = YES;
				BUNDLE_LOADER = "$(TEST_HOST)";
				CODE_SIGN_STYLE = Automatic;
				CURRENT_PROJECT_VERSION = 1;
				DEVELOPMENT_TEAM = 4J2BT49VC2;
				GENERATE_INFOPLIST_FILE = YES;
				IPHONEOS_DEPLOYMENT_TARGET = 17.2;
				MARKETING_VERSION = 1.0;
				PRODUCT_BUNDLE_IDENTIFIER = com.nuibb.payback.PaybackTests;
				PRODUCT_NAME = "$(TARGET_NAME)";
				SWIFT_EMIT_LOC_STRINGS = NO;
				SWIFT_VERSION = 5.0;
				TARGETED_DEVICE_FAMILY = "1,2";
				TEST_HOST = "$(BUILT_PRODUCTS_DIR)/WorldOfPAYBACK.app/$(BUNDLE_EXECUTABLE_FOLDER_PATH)/WorldOfPAYBACK";
			};
			name = Release;
		};
		523CD4F62B67DD3A007D106D /* Debug */ = {
			isa = XCBuildConfiguration;
			buildSettings = {
				ALWAYS_EMBED_SWIFT_STANDARD_LIBRARIES = YES;
				CODE_SIGN_STYLE = Automatic;
				CURRENT_PROJECT_VERSION = 1;
				DEVELOPMENT_TEAM = 4J2BT49VC2;
				GENERATE_INFOPLIST_FILE = YES;
				MARKETING_VERSION = 1.0;
				PRODUCT_BUNDLE_IDENTIFIER = com.nuibb.payback.PaybackUITests;
				PRODUCT_NAME = "$(TARGET_NAME)";
				SWIFT_EMIT_LOC_STRINGS = NO;
				SWIFT_VERSION = 5.0;
				TARGETED_DEVICE_FAMILY = "1,2";
				TEST_TARGET_NAME = Payback;
			};
			name = Debug;
		};
		523CD4F72B67DD3A007D106D /* Release */ = {
			isa = XCBuildConfiguration;
			buildSettings = {
				ALWAYS_EMBED_SWIFT_STANDARD_LIBRARIES = YES;
				CODE_SIGN_STYLE = Automatic;
				CURRENT_PROJECT_VERSION = 1;
				DEVELOPMENT_TEAM = 4J2BT49VC2;
				GENERATE_INFOPLIST_FILE = YES;
				MARKETING_VERSION = 1.0;
				PRODUCT_BUNDLE_IDENTIFIER = com.nuibb.payback.PaybackUITests;
				PRODUCT_NAME = "$(TARGET_NAME)";
				SWIFT_EMIT_LOC_STRINGS = NO;
				SWIFT_VERSION = 5.0;
				TARGETED_DEVICE_FAMILY = "1,2";
				TEST_TARGET_NAME = Payback;
			};
			name = Release;
		};
/* End XCBuildConfiguration section */

/* Begin XCConfigurationList section */
		523CD4C42B67DD38007D106D /* Build configuration list for PBXProject "WorldOfPAYBACK" */ = {
			isa = XCConfigurationList;
			buildConfigurations = (
				523CD4ED2B67DD3A007D106D /* Debug */,
				523CD4EE2B67DD3A007D106D /* Release */,
			);
			defaultConfigurationIsVisible = 0;
			defaultConfigurationName = Release;
		};
		523CD4EF2B67DD3A007D106D /* Build configuration list for PBXNativeTarget "WorldOfPAYBACK" */ = {
			isa = XCConfigurationList;
			buildConfigurations = (
				523CD4F02B67DD3A007D106D /* Debug */,
				523CD4F12B67DD3A007D106D /* Release */,
			);
			defaultConfigurationIsVisible = 0;
			defaultConfigurationName = Release;
		};
		523CD4F22B67DD3A007D106D /* Build configuration list for PBXNativeTarget "WorldOfPAYBACKTests" */ = {
			isa = XCConfigurationList;
			buildConfigurations = (
				523CD4F32B67DD3A007D106D /* Debug */,
				523CD4F42B67DD3A007D106D /* Release */,
			);
			defaultConfigurationIsVisible = 0;
			defaultConfigurationName = Release;
		};
		523CD4F52B67DD3A007D106D /* Build configuration list for PBXNativeTarget "WorldOfPAYBACKUITests" */ = {
			isa = XCConfigurationList;
			buildConfigurations = (
				523CD4F62B67DD3A007D106D /* Debug */,
				523CD4F72B67DD3A007D106D /* Release */,
			);
			defaultConfigurationIsVisible = 0;
			defaultConfigurationName = Release;
		};
/* End XCConfigurationList section */
	};
	rootObject = 523CD4C12B67DD38007D106D /* Project object */;
}
